
Microsoft Visual Studio Solution File, Format Version 12.00
# Visual Studio 2012
Project("{FAE04EC0-301F-11D3-BF4B-00C04F79EFBC}") = "ThisIsNotTheMostUnsafeLibraryInTheWorld", "ThisIsNotTheMostUnsafeLibraryInTheWorld.csproj", "{EC740180-B0AA-4989-8BE5-46B410A7ED46}"
EndProject
Project("{FAE04EC0-301F-11D3-BF4B-00C04F79EFBC}") = "SimpleTests", "..\SimpleTests\SimpleTests.csproj", "{CDA8CEA3-ABBC-4BE6-A2FA-5D4E34B263F1}"
EndProject
Global
	GlobalSection(SolutionConfigurationPlatforms) = preSolution
		Debug|Any CPU = Debug|Any CPU
		Release|Any CPU = Release|Any CPU
	EndGlobalSection
	GlobalSection(ProjectConfigurationPlatforms) = postSolution
		{EC740180-B0AA-4989-8BE5-46B410A7ED46}.Debug|Any CPU.ActiveCfg = Debug|Any CPU
		{EC740180-B0AA-4989-8BE5-46B410A7ED46}.Debug|Any CPU.Build.0 = Debug|Any CPU
		{EC740180-B0AA-4989-8BE5-46B410A7ED46}.Release|Any CPU.ActiveCfg = Release|Any CPU
		{EC740180-B0AA-4989-8BE5-46B410A7ED46}.Release|Any CPU.Build.0 = Release|Any CPU
		{CDA8CEA3-ABBC-4BE6-A2FA-5D4E34B263F1}.Debug|Any CPU.ActiveCfg = Debug|Any CPU
		{CDA8CEA3-ABBC-4BE6-A2FA-5D4E34B263F1}.Debug|Any CPU.Build.0 = Debug|Any CPU
		{CDA8CEA3-ABBC-4BE6-A2FA-5D4E34B263F1}.Release|Any CPU.ActiveCfg = Release|Any CPU
		{CDA8CEA3-ABBC-4BE6-A2FA-5D4E34B263F1}.Release|Any CPU.Build.0 = Release|Any CPU
	EndGlobalSection
	GlobalSection(SolutionProperties) = preSolution
		HideSolutionNode = FALSE
	EndGlobalSection
EndGlobal
